
Microsoft Visual Studio Solution File, Format Version 10.00
# Visual Studio 2008
Project("{FAE04EC0-301F-11D3-BF4B-00C04F79EFBC}") = "CaseStudy-v2", "..\CaseStudy-v2\CaseStudy-v2.csproj", "{708B4E6C-73EA-4464-99CB-1CD9516A1699}"
EndProject
Global
	GlobalSection(SolutionConfigurationPlatforms) = preSolution
		Debug|Any CPU = Debug|Any CPU
		Release|Any CPU = Release|Any CPU
	EndGlobalSection
	GlobalSection(ProjectConfigurationPlatforms) = postSolution
		{708B4E6C-73EA-4464-99CB-1CD9516A1699}.Debug|Any CPU.ActiveCfg = Debug|Any CPU
		{708B4E6C-73EA-4464-99CB-1CD9516A1699}.Debug|Any CPU.Build.0 = Debug|Any CPU
		{708B4E6C-73EA-4464-99CB-1CD9516A1699}.Release|Any CPU.ActiveCfg = Release|Any CPU
		{708B4E6C-73EA-4464-99CB-1CD9516A1699}.Release|Any CPU.Build.0 = Release|Any CPU
	EndGlobalSection
	GlobalSection(SolutionProperties) = preSolution
		HideSolutionNode = FALSE
	EndGlobalSection
EndGlobal
